
Microsoft Visual Studio Solution File, Format Version 12.00
# Visual Studio 15
VisualStudioVersion = 15.0.27428.2015
MinimumVisualStudioVersion = 10.0.40219.1
Project("{FAE04EC0-301F-11D3-BF4B-00C04F79EFBC}") = "VitrinniManager.Infra", "VitrinniManager.Infra\VitrinniManager.Infra.csproj", "{6792B721-1CBB-4B6D-A31E-C933A6AEF97C}"
EndProject
Project("{FAE04EC0-301F-11D3-BF4B-00C04F79EFBC}") = "VitrinniManager.Dominio", "VitrinniManager.Dominio\VitrinniManager.Dominio.csproj", "{6B0F84BA-1281-427C-8D8A-A61D273B81B1}"
EndProject
Project("{FAE04EC0-301F-11D3-BF4B-00C04F79EFBC}") = "VitrinniManager.Negocio", "VitrinniManager.Negocio\VitrinniManager.Negocio.csproj", "{D35A4CAE-E7EC-4739-AD02-89C959DA3D10}"
EndProject
Project("{FAE04EC0-301F-11D3-BF4B-00C04F79EFBC}") = "VitrinniManager.API", "VitrinniManager.API\VitrinniManager.API.csproj", "{A7E16C40-E50F-48DB-8BCF-C01B83B69E9F}"
EndProject
Project("{FAE04EC0-301F-11D3-BF4B-00C04F79EFBC}") = "VitrinniManager.Compartilhado", "VitrinniManager.Compartilhado\VitrinniManager.Compartilhado.csproj", "{9DFF2FA1-33B6-455D-BDFB-FD02D42F2C76}"
EndProject
Global
	GlobalSection(SolutionConfigurationPlatforms) = preSolution
		Debug|Any CPU = Debug|Any CPU
		Release|Any CPU = Release|Any CPU
	EndGlobalSection
	GlobalSection(ProjectConfigurationPlatforms) = postSolution
		{6792B721-1CBB-4B6D-A31E-C933A6AEF97C}.Debug|Any CPU.ActiveCfg = Debug|Any CPU
		{6792B721-1CBB-4B6D-A31E-C933A6AEF97C}.Debug|Any CPU.Build.0 = Debug|Any CPU
		{6792B721-1CBB-4B6D-A31E-C933A6AEF97C}.Release|Any CPU.ActiveCfg = Release|Any CPU
		{6792B721-1CBB-4B6D-A31E-C933A6AEF97C}.Release|Any CPU.Build.0 = Release|Any CPU
		{6B0F84BA-1281-427C-8D8A-A61D273B81B1}.Debug|Any CPU.ActiveCfg = Debug|Any CPU
		{6B0F84BA-1281-427C-8D8A-A61D273B81B1}.Debug|Any CPU.Build.0 = Debug|Any CPU
		{6B0F84BA-1281-427C-8D8A-A61D273B81B1}.Release|Any CPU.ActiveCfg = Release|Any CPU
		{6B0F84BA-1281-427C-8D8A-A61D273B81B1}.Release|Any CPU.Build.0 = Release|Any CPU
		{D35A4CAE-E7EC-4739-AD02-89C959DA3D10}.Debug|Any CPU.ActiveCfg = Debug|Any CPU
		{D35A4CAE-E7EC-4739-AD02-89C959DA3D10}.Debug|Any CPU.Build.0 = Debug|Any CPU
		{D35A4CAE-E7EC-4739-AD02-89C959DA3D10}.Release|Any CPU.ActiveCfg = Release|Any CPU
		{D35A4CAE-E7EC-4739-AD02-89C959DA3D10}.Release|Any CPU.Build.0 = Release|Any CPU
		{A7E16C40-E50F-48DB-8BCF-C01B83B69E9F}.Debug|Any CPU.ActiveCfg = Debug|Any CPU
		{A7E16C40-E50F-48DB-8BCF-C01B83B69E9F}.Debug|Any CPU.Build.0 = Debug|Any CPU
		{A7E16C40-E50F-48DB-8BCF-C01B83B69E9F}.Release|Any CPU.ActiveCfg = Release|Any CPU
		{A7E16C40-E50F-48DB-8BCF-C01B83B69E9F}.Release|Any CPU.Build.0 = Release|Any CPU
		{9DFF2FA1-33B6-455D-BDFB-FD02D42F2C76}.Debug|Any CPU.ActiveCfg = Debug|Any CPU
		{9DFF2FA1-33B6-455D-BDFB-FD02D42F2C76}.Debug|Any CPU.Build.0 = Debug|Any CPU
		{9DFF2FA1-33B6-455D-BDFB-FD02D42F2C76}.Release|Any CPU.ActiveCfg = Release|Any CPU
		{9DFF2FA1-33B6-455D-BDFB-FD02D42F2C76}.Release|Any CPU.Build.0 = Release|Any CPU
	EndGlobalSection
	GlobalSection(SolutionProperties) = preSolution
		HideSolutionNode = FALSE
	EndGlobalSection
	GlobalSection(ExtensibilityGlobals) = postSolution
		SolutionGuid = {7B589CBE-5168-4DE2-8911-320CD9F038BF}
	EndGlobalSection
EndGlobal
